github.com/theNewDynamic/gohugo-theme-ananke v0.0.0-20220228160000-0e73c5b18cf6 h1:Cc19VQIgCtVidhDQZVi/kc4GuBn1xQ+9nXPuGuOr2eQ=
github.com/theNewDynamic/gohugo-theme-ananke v0.0.0-20220228160000-0e73c5b18cf6/go.mod h1:yY14BLqqh5G61rO81YcJKMHY1rClY5iIiUK+K2JKSUM=
github.com/theNewDynamic/gohugo-theme-ananke v0.0.0-20220407173640-cfee1e3cd1f8 h1:sZxDyW9ZoCR6toEkRQHkik5WlepFcApIPhwEix2DR5c=
github.com/theNewDynamic/gohugo-theme-ananke v0.0.0-20220407173640-cfee1e3cd1f8/go.mod h1:yY14BLqqh5G61rO81YcJKMHY1rClY5iIiUK+K2JKSUM=
github.com/theNewDynamic/gohugo-theme-ananke v0.0.0-20220412190420-e91f77c5be8c h1:RtBQovRfCN2bb5Wj/bfDMZcJjvKwz5m3oczqgXYot4o=
github.com/theNewDynamic/gohugo-theme-ananke v0.0.0-20220412190420-e91f77c5be8c/go.mod h1:yY14BLqqh5G61rO81YcJKMHY1rClY5iIiUK+K2JKSUM=
github.com/theNewDynamic/gohugo-theme-ananke v0.0.0-20230203204610-a1a99cf12681 h1:iPc5eu4EV8YZEOh1WsTqLcQmqj96TbqI+BGpBD4a5lo=
github.com/theNewDynamic/gohugo-theme-ananke v0.0.0-20230203204610-a1a99cf12681/go.mod h1:yY14BLqqh5G61rO81YcJKMHY1rClY5iIiUK+K2JKSUM=
